
Microsoft Visual Studio Solution File, Format Version 12.00
# Visual Studio Version 16
VisualStudioVersion = 16.0.29215.179
MinimumVisualStudioVersion = 10.0.40219.1
Project("{FAE04EC0-301F-11D3-BF4B-00C04F79EFBC}") = "GridGobble", "GridGobble\GridGobble.csproj", "{40DEF4CC-1EC1-42EE-BE87-3C2CC91A8D63}"
EndProject
Project("{FAE04EC0-301F-11D3-BF4B-00C04F79EFBC}") = "GridGobbleTests", "GridGobbleTests\GridGobbleTests.csproj", "{C2573584-1567-4851-8BD3-052E207F7309}"
EndProject
Global
	GlobalSection(SolutionConfigurationPlatforms) = preSolution
		Debug|Any CPU = Debug|Any CPU
		Release|Any CPU = Release|Any CPU
	EndGlobalSection
	GlobalSection(ProjectConfigurationPlatforms) = postSolution
		{40DEF4CC-1EC1-42EE-BE87-3C2CC91A8D63}.Debug|Any CPU.ActiveCfg = Debug|Any CPU
		{40DEF4CC-1EC1-42EE-BE87-3C2CC91A8D63}.Debug|Any CPU.Build.0 = Debug|Any CPU
		{40DEF4CC-1EC1-42EE-BE87-3C2CC91A8D63}.Release|Any CPU.ActiveCfg = Release|Any CPU
		{40DEF4CC-1EC1-42EE-BE87-3C2CC91A8D63}.Release|Any CPU.Build.0 = Release|Any CPU
		{C2573584-1567-4851-8BD3-052E207F7309}.Debug|Any CPU.ActiveCfg = Debug|Any CPU
		{C2573584-1567-4851-8BD3-052E207F7309}.Debug|Any CPU.Build.0 = Debug|Any CPU
		{C2573584-1567-4851-8BD3-052E207F7309}.Release|Any CPU.ActiveCfg = Release|Any CPU
		{C2573584-1567-4851-8BD3-052E207F7309}.Release|Any CPU.Build.0 = Release|Any CPU
	EndGlobalSection
	GlobalSection(SolutionProperties) = preSolution
		HideSolutionNode = FALSE
	EndGlobalSection
	GlobalSection(ExtensibilityGlobals) = postSolution
		SolutionGuid = {C25807DA-1D91-4747-BCB5-6B5B6B591E4A}
	EndGlobalSection
EndGlobal
