
Microsoft Visual Studio Solution File, Format Version 12.00
# Visual Studio Version 16
VisualStudioVersion = 16.0.29215.179
MinimumVisualStudioVersion = 10.0.40219.1
Project("{FAE04EC0-301F-11D3-BF4B-00C04F79EFBC}") = "BankQueue", "BankQueue\BankQueue.csproj", "{C7B512D5-B311-429D-BFEE-5BF3DD3839B5}"
EndProject
Project("{FAE04EC0-301F-11D3-BF4B-00C04F79EFBC}") = "BankQueueTests", "BankQueueTests\BankQueueTests.csproj", "{B0FC0478-B89E-4CEF-80A1-2B435A019564}"
EndProject
Project("{FAE04EC0-301F-11D3-BF4B-00C04F79EFBC}") = "App", "App\App.csproj", "{DE30AC5E-FC94-46C2-9390-CF2690E5FDBF}"
EndProject
Global
	GlobalSection(SolutionConfigurationPlatforms) = preSolution
		Debug|Any CPU = Debug|Any CPU
		Release|Any CPU = Release|Any CPU
	EndGlobalSection
	GlobalSection(ProjectConfigurationPlatforms) = postSolution
		{C7B512D5-B311-429D-BFEE-5BF3DD3839B5}.Debug|Any CPU.ActiveCfg = Debug|Any CPU
		{C7B512D5-B311-429D-BFEE-5BF3DD3839B5}.Debug|Any CPU.Build.0 = Debug|Any CPU
		{C7B512D5-B311-429D-BFEE-5BF3DD3839B5}.Release|Any CPU.ActiveCfg = Release|Any CPU
		{C7B512D5-B311-429D-BFEE-5BF3DD3839B5}.Release|Any CPU.Build.0 = Release|Any CPU
		{B0FC0478-B89E-4CEF-80A1-2B435A019564}.Debug|Any CPU.ActiveCfg = Debug|Any CPU
		{B0FC0478-B89E-4CEF-80A1-2B435A019564}.Debug|Any CPU.Build.0 = Debug|Any CPU
		{B0FC0478-B89E-4CEF-80A1-2B435A019564}.Release|Any CPU.ActiveCfg = Release|Any CPU
		{B0FC0478-B89E-4CEF-80A1-2B435A019564}.Release|Any CPU.Build.0 = Release|Any CPU
		{DE30AC5E-FC94-46C2-9390-CF2690E5FDBF}.Debug|Any CPU.ActiveCfg = Debug|Any CPU
		{DE30AC5E-FC94-46C2-9390-CF2690E5FDBF}.Debug|Any CPU.Build.0 = Debug|Any CPU
		{DE30AC5E-FC94-46C2-9390-CF2690E5FDBF}.Release|Any CPU.ActiveCfg = Release|Any CPU
		{DE30AC5E-FC94-46C2-9390-CF2690E5FDBF}.Release|Any CPU.Build.0 = Release|Any CPU
	EndGlobalSection
	GlobalSection(SolutionProperties) = preSolution
		HideSolutionNode = FALSE
	EndGlobalSection
	GlobalSection(ExtensibilityGlobals) = postSolution
		SolutionGuid = {0130470C-C719-403F-AC8E-821B9B0D0F2A}
	EndGlobalSection
EndGlobal
