
Microsoft Visual Studio Solution File, Format Version 12.00
# Visual Studio Version 16
VisualStudioVersion = 16.0.29215.179
MinimumVisualStudioVersion = 10.0.40219.1
Project("{9A19103F-16F7-4668-BE54-9A1E7A4F7556}") = "Tests", "StudentTester\Tests.csproj", "{6345EF60-CDDA-4677-8B61-7FB2044E2DD4}"
EndProject
Project("{9A19103F-16F7-4668-BE54-9A1E7A4F7556}") = "Console", "Run\Console.csproj", "{2F72A0B9-ED42-4C98-9528-0BCE4FA355D2}"
EndProject
Project("{FAE04EC0-301F-11D3-BF4B-00C04F79EFBC}") = "RumorMill", "RumorMill\RumorMill.csproj", "{31DE7E06-FBD7-4E18-A50E-92BD719542F2}"
EndProject
Global
	GlobalSection(SolutionConfigurationPlatforms) = preSolution
		Debug|Any CPU = Debug|Any CPU
		Release|Any CPU = Release|Any CPU
	EndGlobalSection
	GlobalSection(ProjectConfigurationPlatforms) = postSolution
		{6345EF60-CDDA-4677-8B61-7FB2044E2DD4}.Debug|Any CPU.ActiveCfg = Debug|Any CPU
		{6345EF60-CDDA-4677-8B61-7FB2044E2DD4}.Debug|Any CPU.Build.0 = Debug|Any CPU
		{6345EF60-CDDA-4677-8B61-7FB2044E2DD4}.Release|Any CPU.ActiveCfg = Release|Any CPU
		{6345EF60-CDDA-4677-8B61-7FB2044E2DD4}.Release|Any CPU.Build.0 = Release|Any CPU
		{2F72A0B9-ED42-4C98-9528-0BCE4FA355D2}.Debug|Any CPU.ActiveCfg = Debug|Any CPU
		{2F72A0B9-ED42-4C98-9528-0BCE4FA355D2}.Debug|Any CPU.Build.0 = Debug|Any CPU
		{2F72A0B9-ED42-4C98-9528-0BCE4FA355D2}.Release|Any CPU.ActiveCfg = Release|Any CPU
		{2F72A0B9-ED42-4C98-9528-0BCE4FA355D2}.Release|Any CPU.Build.0 = Release|Any CPU
		{31DE7E06-FBD7-4E18-A50E-92BD719542F2}.Debug|Any CPU.ActiveCfg = Debug|Any CPU
		{31DE7E06-FBD7-4E18-A50E-92BD719542F2}.Debug|Any CPU.Build.0 = Debug|Any CPU
		{31DE7E06-FBD7-4E18-A50E-92BD719542F2}.Release|Any CPU.ActiveCfg = Release|Any CPU
		{31DE7E06-FBD7-4E18-A50E-92BD719542F2}.Release|Any CPU.Build.0 = Release|Any CPU
	EndGlobalSection
	GlobalSection(SolutionProperties) = preSolution
		HideSolutionNode = FALSE
	EndGlobalSection
	GlobalSection(ExtensibilityGlobals) = postSolution
		SolutionGuid = {4FFD3AB9-9585-40EC-9260-8AED5D478FB8}
	EndGlobalSection
EndGlobal
